
Microsoft Visual Studio Solution File, Format Version 12.00
Project("{FAE04EC0-301F-11D3-BF4B-00C04F79EFBC}") = "TestTask.Api", "TestTask.Api\TestTask.Api.csproj", "{8E922CC5-5383-4C08-9B2A-A8F7D3D1456D}"
EndProject
Project("{FAE04EC0-301F-11D3-BF4B-00C04F79EFBC}") = "TestTask.DataAccess", "TestTask.DataAccess\TestTask.DataAccess.csproj", "{4554A241-0A20-4C67-8C14-0FBD2E39D5A7}"
EndProject
Project("{FAE04EC0-301F-11D3-BF4B-00C04F79EFBC}") = "TestTask.Logic", "TestTask.Logic\TestTask.Logic.csproj", "{7E9D2E5A-304C-47D9-9793-6AFD7272A3B7}"
EndProject
Global
	GlobalSection(SolutionConfigurationPlatforms) = preSolution
		Debug|Any CPU = Debug|Any CPU
		Release|Any CPU = Release|Any CPU
	EndGlobalSection
	GlobalSection(ProjectConfigurationPlatforms) = postSolution
		{8E922CC5-5383-4C08-9B2A-A8F7D3D1456D}.Debug|Any CPU.ActiveCfg = Debug|Any CPU
		{8E922CC5-5383-4C08-9B2A-A8F7D3D1456D}.Debug|Any CPU.Build.0 = Debug|Any CPU
		{8E922CC5-5383-4C08-9B2A-A8F7D3D1456D}.Release|Any CPU.ActiveCfg = Release|Any CPU
		{8E922CC5-5383-4C08-9B2A-A8F7D3D1456D}.Release|Any CPU.Build.0 = Release|Any CPU
		{4554A241-0A20-4C67-8C14-0FBD2E39D5A7}.Debug|Any CPU.ActiveCfg = Debug|Any CPU
		{4554A241-0A20-4C67-8C14-0FBD2E39D5A7}.Debug|Any CPU.Build.0 = Debug|Any CPU
		{4554A241-0A20-4C67-8C14-0FBD2E39D5A7}.Release|Any CPU.ActiveCfg = Release|Any CPU
		{4554A241-0A20-4C67-8C14-0FBD2E39D5A7}.Release|Any CPU.Build.0 = Release|Any CPU
		{7E9D2E5A-304C-47D9-9793-6AFD7272A3B7}.Debug|Any CPU.ActiveCfg = Debug|Any CPU
		{7E9D2E5A-304C-47D9-9793-6AFD7272A3B7}.Debug|Any CPU.Build.0 = Debug|Any CPU
		{7E9D2E5A-304C-47D9-9793-6AFD7272A3B7}.Release|Any CPU.ActiveCfg = Release|Any CPU
		{7E9D2E5A-304C-47D9-9793-6AFD7272A3B7}.Release|Any CPU.Build.0 = Release|Any CPU
	EndGlobalSection
EndGlobal
